// !$*UTF8*$!
{
	archiveVersion = 1;
	classes = {
	};
	objectVersion = 55;
	objects = {

/* Begin PBXBuildFile section */
		B5AEE2A22765F5D300E1B06F /* AppDelegate.swift in Sources */ = {isa = PBXBuildFile; fileRef = B5AEE2A12765F5D300E1B06F /* AppDelegate.swift */; };
		B5AEE2A42765F5D300E1B06F /* SceneDelegate.swift in Sources */ = {isa = PBXBuildFile; fileRef = B5AEE2A32765F5D300E1B06F /* SceneDelegate.swift */; };
		B5AEE2A62765F5D300E1B06F /* ViewController.swift in Sources */ = {isa = PBXBuildFile; fileRef = B5AEE2A52765F5D300E1B06F /* ViewController.swift */; };
		B5AEE2A92765F5D300E1B06F /* Main.storyboard in Resources */ = {isa = PBXBuildFile; fileRef = B5AEE2A72765F5D300E1B06F /* Main.storyboard */; };
		B5AEE2AB2765F5D600E1B06F /* Assets.xcassets in Resources */ = {isa = PBXBuildFile; fileRef = B5AEE2AA2765F5D600E1B06F /* Assets.xcassets */; };
		B5AEE2AE2765F5D600E1B06F /* LaunchScreen.storyboard in Resources */ = {isa = PBXBuildFile; fileRef = B5AEE2AC2765F5D600E1B06F /* LaunchScreen.storyboard */; };
		B5AEE2B92765F5D600E1B06F /* TipsterTests.swift in Sources */ = {isa = PBXBuildFile; fileRef = B5AEE2B82765F5D600E1B06F /* TipsterTests.swift */; };
		B5AEE2C32765F5D600E1B06F /* TipsterUITests.swift in Sources */ = {isa = PBXBuildFile; fileRef = B5AEE2C22765F5D600E1B06F /* TipsterUITests.swift */; };
		B5AEE2C52765F5D600E1B06F /* TipsterUITestsLaunchTests.swift in Sources */ = {isa = PBXBuildFile; fileRef = B5AEE2C42765F5D600E1B06F /* TipsterUITestsLaunchTests.swift */; };
/* End PBXBuildFile section */

/* Begin PBXContainerItemProxy section */
		B5AEE2B52765F5D600E1B06F /* PBXContainerItemProxy */ = {
			isa = PBXContainerItemProxy;
			containerPortal = B5AEE2962765F5D300E1B06F /* Project object */;
			proxyType = 1;
			remoteGlobalIDString = B5AEE29D2765F5D300E1B06F;
			remoteInfo = Tipster;
		};
		B5AEE2BF2765F5D600E1B06F /* PBXContainerItemProxy */ = {
			isa = PBXContainerItemProxy;
			containerPortal = B5AEE2962765F5D300E1B06F /* Project object */;
			proxyType = 1;
			remoteGlobalIDString = B5AEE29D2765F5D300E1B06F;
			remoteInfo = Tipster;
		};
/* End PBXContainerItemProxy section */

/* Begin PBXFileReference section */
		B5AEE29E2765F5D300E1B06F /* Tipster.app */ = {isa = PBXFileReference; explicitFileType = wrapper.application; includeInIndex = 0; path = Tipster.app; sourceTree = BUILT_PRODUCTS_DIR; };
		B5AEE2A12765F5D300E1B06F /* AppDelegate.swift */ = {isa = PBXFileReference; lastKnownFileType = sourcecode.swift; path = AppDelegate.swift; sourceTree = "<group>"; };
		B5AEE2A32765F5D300E1B06F /* SceneDelegate.swift */ = {isa = PBXFileReference; lastKnownFileType = sourcecode.swift; path = SceneDelegate.swift; sourceTree = "<group>"; };
		B5AEE2A52765F5D300E1B06F /* ViewController.swift */ = {isa = PBXFileReference; lastKnownFileType = sourcecode.swift; path = ViewController.swift; sourceTree = "<group>"; };
		B5AEE2A82765F5D300E1B06F /* Base */ = {isa = PBXFileReference; lastKnownFileType = file.storyboard; name = Base; path = Base.lproj/Main.storyboard; sourceTree = "<group>"; };
		B5AEE2AA2765F5D600E1B06F /* Assets.xcassets */ = {isa = PBXFileReference; lastKnownFileType = folder.assetcatalog; path = Assets.xcassets; sourceTree = "<group>"; };
		B5AEE2AD2765F5D600E1B06F /* Base */ = {isa = PBXFileReference; lastKnownFileType = file.storyboard; name = Base; path = Base.lproj/LaunchScreen.storyboard; sourceTree = "<group>"; };
		B5AEE2AF2765F5D600E1B06F /* Info.plist */ = {isa = PBXFileReference; lastKnownFileType = text.plist.xml; path = Info.plist; sourceTree = "<group>"; };
		B5AEE2B42765F5D600E1B06F /* TipsterTests.xctest */ = {isa = PBXFileReference; explicitFileType = wrapper.cfbundle; includeInIndex = 0; path = TipsterTests.xctest; sourceTree = BUILT_PRODUCTS_DIR; };
		B5AEE2B82765F5D600E1B06F /* TipsterTests.swift */ = {isa = PBXFileReference; lastKnownFileType = sourcecode.swift; path = TipsterTests.swift; sourceTree = "<group>"; };
		B5AEE2BE2765F5D600E1B06F /* TipsterUITests.xctest */ = {isa = PBXFileReference; explicitFileType = wrapper.cfbundle; includeInIndex = 0; path = TipsterUITests.xctest; sourceTree = BUILT_PRODUCTS_DIR; };
		B5AEE2C22765F5D600E1B06F /* TipsterUITests.swift */ = {isa = PBXFileReference; lastKnownFileType = sourcecode.swift; path = TipsterUITests.swift; sourceTree = "<group>"; };
		B5AEE2C42765F5D600E1B06F /* TipsterUITestsLaunchTests.swift */ = {isa = PBXFileReference; lastKnownFileType = sourcecode.swift; path = TipsterUITestsLaunchTests.swift; sourceTree = "<group>"; };
/* End PBXFileReference section */

/* Begin PBXFrameworksBuildPhase section */
		B5AEE29B2765F5D300E1B06F /* Frameworks */ = {
			isa = PBXFrameworksBuildPhase;
			buildActionMask = 2147483647;
			files = (
			);
			runOnlyForDeploymentPostprocessing = 0;
		};
		B5AEE2B12765F5D600E1B06F /* Frameworks */ = {
			isa = PBXFrameworksBuildPhase;
			buildActionMask = 2147483647;
			files = (
			);
			runOnlyForDeploymentPostprocessing = 0;
		};
		B5AEE2BB2765F5D600E1B06F /* Frameworks */ = {
			isa = PBXFrameworksBuildPhase;
			buildActionMask = 2147483647;
			files = (
			);
			runOnlyForDeploymentPostprocessing = 0;
		};
/* End PBXFrameworksBuildPhase section */

/* Begin PBXGroup section */
		B5AEE2952765F5D300E1B06F = {
			isa = PBXGroup;
			children = (
				B5AEE2A02765F5D300E1B06F /* Tipster */,
				B5AEE2B72765F5D600E1B06F /* TipsterTests */,
				B5AEE2C12765F5D600E1B06F /* TipsterUITests */,
				B5AEE29F2765F5D300E1B06F /* Products */,
			);
			sourceTree = "<group>";
		};
		B5AEE29F2765F5D300E1B06F /* Products */ = {
			isa = PBXGroup;
			children = (
				B5AEE29E2765F5D300E1B06F /* Tipster.app */,
				B5AEE2B42765F5D600E1B06F /* TipsterTests.xctest */,
				B5AEE2BE2765F5D600E1B06F /* TipsterUITests.xctest */,
			);
			name = Products;
			sourceTree = "<group>";
		};
		B5AEE2A02765F5D300E1B06F /* Tipster */ = {
			isa = PBXGroup;
			children = (
				B5AEE2A12765F5D300E1B06F /* AppDelegate.swift */,
				B5AEE2A32765F5D300E1B06F /* SceneDelegate.swift */,
				B5AEE2A52765F5D300E1B06F /* ViewController.swift */,
				B5AEE2A72765F5D300E1B06F /* Main.storyboard */,
				B5AEE2AA2765F5D600E1B06F /* Assets.xcassets */,
				B5AEE2AC2765F5D600E1B06F /* LaunchScreen.storyboard */,
				B5AEE2AF2765F5D600E1B06F /* Info.plist */,
			);
			path = Tipster;
			sourceTree = "<group>";
		};
		B5AEE2B72765F5D600E1B06F /* TipsterTests */ = {
			isa = PBXGroup;
			children = (
				B5AEE2B82765F5D600E1B06F /* TipsterTests.swift */,
			);
			path = TipsterTests;
			sourceTree = "<group>";
		};
		B5AEE2C12765F5D600E1B06F /* TipsterUITests */ = {
			isa = PBXGroup;
			children = (
				B5AEE2C22765F5D600E1B06F /* TipsterUITests.swift */,
				B5AEE2C42765F5D600E1B06F /* TipsterUITestsLaunchTests.swift */,
			);
			path = TipsterUITests;
			sourceTree = "<group>";
		};
/* End PBXGroup section */

/* Begin PBXNativeTarget section */
		B5AEE29D2765F5D300E1B06F /* Tipster */ = {
			isa = PBXNativeTarget;
			buildConfigurationList = B5AEE2C82765F5D600E1B06F /* Build configuration list for PBXNativeTarget "Tipster" */;
			buildPhases = (
				B5AEE29A2765F5D300E1B06F /* Sources */,
				B5AEE29B2765F5D300E1B06F /* Frameworks */,
				B5AEE29C2765F5D300E1B06F /* Resources */,
			);
			buildRules = (
			);
			dependencies = (
			);
			name = Tipster;
			productName = Tipster;
			productReference = B5AEE29E2765F5D300E1B06F /* Tipster.app */;
			productType = "com.apple.product-type.application";
		};
		B5AEE2B32765F5D600E1B06F /* TipsterTests */ = {
			isa = PBXNativeTarget;
			buildConfigurationList = B5AEE2CB2765F5D600E1B06F /* Build configuration list for PBXNativeTarget "TipsterTests" */;
			buildPhases = (
				B5AEE2B02765F5D600E1B06F /* Sources */,
				B5AEE2B12765F5D600E1B06F /* Frameworks */,
				B5AEE2B22765F5D600E1B06F /* Resources */,
			);
			buildRules = (
			);
			dependencies = (
				B5AEE2B62765F5D600E1B06F /* PBXTargetDependency */,
			);
			name = TipsterTests;
			productName = TipsterTests;
			productReference = B5AEE2B42765F5D600E1B06F /* TipsterTests.xctest */;
			productType = "com.apple.product-type.bundle.unit-test";
		};
		B5AEE2BD2765F5D600E1B06F /* TipsterUITests */ = {
			isa = PBXNativeTarget;
			buildConfigurationList = B5AEE2CE2765F5D600E1B06F /* Build configuration list for PBXNativeTarget "TipsterUITests" */;
			buildPhases = (
				B5AEE2BA2765F5D600E1B06F /* Sources */,
				B5AEE2BB2765F5D600E1B06F /* Frameworks */,
				B5AEE2BC2765F5D600E1B06F /* Resources */,
			);
			buildRules = (
			);
			dependencies = (
				B5AEE2C02765F5D600E1B06F /* PBXTargetDependency */,
			);
			name = TipsterUITests;
			productName = TipsterUITests;
			productReference = B5AEE2BE2765F5D600E1B06F /* TipsterUITests.xctest */;
			productType = "com.apple.product-type.bundle.ui-testing";
		};
/* End PBXNativeTarget section */

/* Begin PBXProject section */
		B5AEE2962765F5D300E1B06F /* Project object */ = {
			isa = PBXProject;
			attributes = {
				BuildIndependentTargetsInParallel = 1;
				LastSwiftUpdateCheck = 1310;
				LastUpgradeCheck = 1310;
				TargetAttributes = {
					B5AEE29D2765F5D300E1B06F = {
						CreatedOnToolsVersion = 13.1;
					};
					B5AEE2B32765F5D600E1B06F = {
						CreatedOnToolsVersion = 13.1;
						TestTargetID = B5AEE29D2765F5D300E1B06F;
					};
					B5AEE2BD2765F5D600E1B06F = {
						CreatedOnToolsVersion = 13.1;
						TestTargetID = B5AEE29D2765F5D300E1B06F;
					};
				};
			};
			buildConfigurationList = B5AEE2992765F5D300E1B06F /* Build configuration list for PBXProject "Tipster" */;
			compatibilityVersion = "Xcode 13.0";
			developmentRegion = en;
			hasScannedForEncodings = 0;
			knownRegions = (
				en,
				Base,
			);
			mainGroup = B5AEE2952765F5D300E1B06F;
			productRefGroup = B5AEE29F2765F5D300E1B06F /* Products */;
			projectDirPath = "";
			projectRoot = "";
			targets = (
				B5AEE29D2765F5D300E1B06F /* Tipster */,
				B5AEE2B32765F5D600E1B06F /* TipsterTests */,
				B5AEE2BD2765F5D600E1B06F /* TipsterUITests */,
			);
		};
/* End PBXProject section */

/* Begin PBXResourcesBuildPhase section */
		B5AEE29C2765F5D300E1B06F /* Resources */ = {
			isa = PBXResourcesBuildPhase;
			buildActionMask = 2147483647;
			files = (
				B5AEE2AE2765F5D600E1B06F /* LaunchScreen.storyboard in Resources */,
				B5AEE2AB2765F5D600E1B06F /* Assets.xcassets in Resources */,
				B5AEE2A92765F5D300E1B06F /* Main.storyboard in Resources */,
			);
			runOnlyForDeploymentPostprocessing = 0;
		};
		B5AEE2B22765F5D600E1B06F /* Resources */ = {
			isa = PBXResourcesBuildPhase;
			buildActionMask = 2147483647;
			files = (
			);
			runOnlyForDeploymentPostprocessing = 0;
		};
		B5AEE2BC2765F5D600E1B06F /* Resources */ = {
			isa = PBXResourcesBuildPhase;
			buildActionMask = 2147483647;
			files = (
			);
			runOnlyForDeploymentPostprocessing = 0;
		};
/* End PBXResourcesBuildPhase section */

/* Begin PBXSourcesBuildPhase section */
		B5AEE29A2765F5D300E1B06F /* Sources */ = {
			isa = PBXSourcesBuildPhase;
			buildActionMask = 2147483647;
			files = (
				B5AEE2A62765F5D300E1B06F /* ViewController.swift in Sources */,
				B5AEE2A22765F5D300E1B06F /* AppDelegate.swift in Sources */,
				B5AEE2A42765F5D300E1B06F /* SceneDelegate.swift in Sources */,
			);
			runOnlyForDeploymentPostprocessing = 0;
		};
		B5AEE2B02765F5D600E1B06F /* Sources */ = {
			isa = PBXSourcesBuildPhase;
			buildActionMask = 2147483647;
			files = (
				B5AEE2B92765F5D600E1B06F /* TipsterTests.swift in Sources */,
			);
			runOnlyForDeploymentPostprocessing = 0;
		};
		B5AEE2BA2765F5D600E1B06F /* Sources */ = {
			isa = PBXSourcesBuildPhase;
			buildActionMask = 2147483647;
			files = (
				B5AEE2C52765F5D600E1B06F /* TipsterUITestsLaunchTests.swift in Sources */,
				B5AEE2C32765F5D600E1B06F /* TipsterUITests.swift in Sources */,
			);
			runOnlyForDeploymentPostprocessing = 0;
		};
/* End PBXSourcesBuildPhase section */

/* Begin PBXTargetDependency section */
		B5AEE2B62765F5D600E1B06F /* PBXTargetDependency */ = {
			isa = PBXTargetDependency;
			target = B5AEE29D2765F5D300E1B06F /* Tipster */;
			targetProxy = B5AEE2B52765F5D600E1B06F /* PBXContainerItemProxy */;
		};
		B5AEE2C02765F5D600E1B06F /* PBXTargetDependency */ = {
			isa = PBXTargetDependency;
			target = B5AEE29D2765F5D300E1B06F /* Tipster */;
			targetProxy = B5AEE2BF2765F5D600E1B06F /* PBXContainerItemProxy */;
		};
/* End PBXTargetDependency section */

/* Begin PBXVariantGroup section */
		B5AEE2A72765F5D300E1B06F /* Main.storyboard */ = {
			isa = PBXVariantGroup;
			children = (
				B5AEE2A82765F5D300E1B06F /* Base */,
			);
			name = Main.storyboard;
			sourceTree = "<group>";
		};
		B5AEE2AC2765F5D600E1B06F /* LaunchScreen.storyboard */ = {
			isa = PBXVariantGroup;
			children = (
				B5AEE2AD2765F5D600E1B06F /* Base */,
			);
			name = LaunchScreen.storyboard;
			sourceTree = "<group>";
		};
/* End PBXVariantGroup section */

/* Begin XCBuildConfiguration section */
		B5AEE2C62765F5D600E1B06F /* Debug */ = {
			isa = XCBuildConfiguration;
			buildSettings = {
				ALWAYS_SEARCH_USER_PATHS = NO;
				CLANG_ANALYZER_NONNULL = YES;
				CLANG_ANALYZER_NUMBER_OBJECT_CONVERSION = YES_AGGRESSIVE;
				CLANG_CXX_LANGUAGE_STANDARD = "gnu++17";
				CLANG_CXX_LIBRARY = "libc++";
				CLANG_ENABLE_MODULES = YES;
				CLANG_ENABLE_OBJC_ARC = YES;
				CLANG_ENABLE_OBJC_WEAK = YES;
				CLANG_WARN_BLOCK_CAPTURE_AUTORELEASING = YES;
				CLANG_WARN_BOOL_CONVERSION = YES;
				CLANG_WARN_COMMA = YES;
				CLANG_WARN_CONSTANT_CONVERSION = YES;
				CLANG_WARN_DEPRECATED_OBJC_IMPLEMENTATIONS = YES;
				CLANG_WARN_DIRECT_OBJC_ISA_USAGE = YES_ERROR;
				CLANG_WARN_DOCUMENTATION_COMMENTS = YES;
				CLANG_WARN_EMPTY_BODY = YES;
				CLANG_WARN_ENUM_CONVERSION = YES;
				CLANG_WARN_INFINITE_RECURSION = YES;
				CLANG_WARN_INT_CONVERSION = YES;
				CLANG_WARN_NON_LITERAL_NULL_CONVERSION = YES;
				CLANG_WARN_OBJC_IMPLICIT_RETAIN_SELF = YES;
				CLANG_WARN_OBJC_LITERAL_CONVERSION = YES;
				CLANG_WARN_OBJC_ROOT_CLASS = YES_ERROR;
				CLANG_WARN_QUOTED_INCLUDE_IN_FRAMEWORK_HEADER = YES;
				CLANG_WARN_RANGE_LOOP_ANALYSIS = YES;
				CLANG_WARN_STRICT_PROTOTYPES = YES;
				CLANG_WARN_SUSPICIOUS_MOVE = YES;
				CLANG_WARN_UNGUARDED_AVAILABILITY = YES_AGGRESSIVE;
				CLANG_WARN_UNREACHABLE_CODE = YES;
				CLANG_WARN__DUPLICATE_METHOD_MATCH = YES;
				COPY_PHASE_STRIP = NO;
				DEBUG_INFORMATION_FORMAT = dwarf;
				ENABLE_STRICT_OBJC_MSGSEND = YES;
				ENABLE_TESTABILITY = YES;
				GCC_C_LANGUAGE_STANDARD = gnu11;
				GCC_DYNAMIC_NO_PIC = NO;
				GCC_NO_COMMON_BLOCKS = YES;
				GCC_OPTIMIZATION_LEVEL = 0;
				GCC_PREPROCESSOR_DEFINITIONS = (
					"DEBUG=1",
					"$(inherited)",
				);
				GCC_WARN_64_TO_32_BIT_CONVERSION = YES;
				GCC_WARN_ABOUT_RETURN_TYPE = YES_ERROR;
				GCC_WARN_UNDECLARED_SELECTOR = YES;
				GCC_WARN_UNINITIALIZED_AUTOS = YES_AGGRESSIVE;
				GCC_WARN_UNUSED_FUNCTION = YES;
				GCC_WARN_UNUSED_VARIABLE = YES;
				IPHONEOS_DEPLOYMENT_TARGET = 15.0;
				MTL_ENABLE_DEBUG_INFO = INCLUDE_SOURCE;
				MTL_FAST_MATH = YES;
				ONLY_ACTIVE_ARCH = YES;
				SDKROOT = iphoneos;
				SWIFT_ACTIVE_COMPILATION_CONDITIONS = DEBUG;
				SWIFT_OPTIMIZATION_LEVEL = "-Onone";
			};
			name = Debug;
		};
		B5AEE2C72765F5D600E1B06F /* Release */ = {
			isa = XCBuildConfiguration;
			buildSettings = {
				ALWAYS_SEARCH_USER_PATHS = NO;
				CLANG_ANALYZER_NONNULL = YES;
				CLANG_ANALYZER_NUMBER_OBJECT_CONVERSION = YES_AGGRESSIVE;
				CLANG_CXX_LANGUAGE_STANDARD = "gnu++17";
				CLANG_CXX_LIBRARY = "libc++";
				CLANG_ENABLE_MODULES = YES;
				CLANG_ENABLE_OBJC_ARC = YES;
				CLANG_ENABLE_OBJC_WEAK = YES;
				CLANG_WARN_BLOCK_CAPTURE_AUTORELEASING = YES;
				CLANG_WARN_BOOL_CONVERSION = YES;
				CLANG_WARN_COMMA = YES;
				CLANG_WARN_CONSTANT_CONVERSION = YES;
				CLANG_WARN_DEPRECATED_OBJC_IMPLEMENTATIONS = YES;
				CLANG_WARN_DIRECT_OBJC_ISA_USAGE = YES_ERROR;
				CLANG_WARN_DOCUMENTATION_COMMENTS = YES;
				CLANG_WARN_EMPTY_BODY = YES;
				CLANG_WARN_ENUM_CONVERSION = YES;
				CLANG_WARN_INFINITE_RECURSION = YES;
				CLANG_WARN_INT_CONVERSION = YES;
				CLANG_WARN_NON_LITERAL_NULL_CONVERSION = YES;
				CLANG_WARN_OBJC_IMPLICIT_RETAIN_SELF = YES;
				CLANG_WARN_OBJC_LITERAL_CONVERSION = YES;
				CLANG_WARN_OBJC_ROOT_CLASS = YES_ERROR;
				CLANG_WARN_QUOTED_INCLUDE_IN_FRAMEWORK_HEADER = YES;
				CLANG_WARN_RANGE_LOOP_ANALYSIS = YES;
				CLANG_WARN_STRICT_PROTOTYPES = YES;
				CLANG_WARN_SUSPICIOUS_MOVE = YES;
				CLANG_WARN_UNGUARDED_AVAILABILITY = YES_AGGRESSIVE;
				CLANG_WARN_UNREACHABLE_CODE = YES;
				CLANG_WARN__DUPLICATE_METHOD_MATCH = YES;
				COPY_PHASE_STRIP = NO;
				DEBUG_INFORMATION_FORMAT = "dwarf-with-dsym";
				ENABLE_NS_ASSERTIONS = NO;
				ENABLE_STRICT_OBJC_MSGSEND = YES;
				GCC_C_LANGUAGE_STANDARD = gnu11;
				GCC_NO_COMMON_BLOCKS = YES;
				GCC_WARN_64_TO_32_BIT_CONVERSION = YES;
				GCC_WARN_ABOUT_RETURN_TYPE = YES_ERROR;
				GCC_WARN_UNDECLARED_SELECTOR = YES;
				GCC_WARN_UNINITIALIZED_AUTOS = YES_AGGRESSIVE;
				GCC_WARN_UNUSED_FUNCTION = YES;
				GCC_WARN_UNUSED_VARIABLE = YES;
				IPHONEOS_DEPLOYMENT_TARGET = 15.0;
				MTL_ENABLE_DEBUG_INFO = NO;
				MTL_FAST_MATH = YES;
				SDKROOT = iphoneos;
				SWIFT_COMPILATION_MODE = wholemodule;
				SWIFT_OPTIMIZATION_LEVEL = "-O";
				VALIDATE_PRODUCT = YES;
			};
			name = Release;
		};
		B5AEE2C92765F5D600E1B06F /* Debug */ = {
			isa = XCBuildConfiguration;
			buildSettings = {
				ASSETCATALOG_COMPILER_APPICON_NAME = AppIcon;
				ASSETCATALOG_COMPILER_GLOBAL_ACCENT_COLOR_NAME = AccentColor;
				CODE_SIGN_STYLE = Automatic;
				CURRENT_PROJECT_VERSION = 1;
				DEVELOPMENT_TEAM = A2XFY4CAYY;
				GENERATE_INFOPLIST_FILE = YES;
				INFOPLIST_FILE = Tipster/Info.plist;
				INFOPLIST_KEY_UIApplicationSupportsIndirectInputEvents = YES;
				INFOPLIST_KEY_UILaunchStoryboardName = LaunchScreen;
				INFOPLIST_KEY_UIMainStoryboardFile = Main;
				INFOPLIST_KEY_UISupportedInterfaceOrientations_iPad = "UIInterfaceOrientationPortrait UIInterfaceOrientationPortraitUpsideDown UIInterfaceOrientationLandscapeLeft UIInterfaceOrientationLandscapeRight";
				INFOPLIST_KEY_UISupportedInterfaceOrientations_iPhone = "UIInterfaceOrientationPortrait UIInterfaceOrientationLandscapeLeft UIInterfaceOrientationLandscapeRight";
				LD_RUNPATH_SEARCH_PATHS = (
					"$(inherited)",
					"@executable_path/Frameworks",
				);
				MARKETING_VERSION = 1.0;
				PRODUCT_BUNDLE_IDENTIFIER = com.Najed.Tipster;
				PRODUCT_NAME = "$(TARGET_NAME)";
				SWIFT_EMIT_LOC_STRINGS = YES;
				SWIFT_VERSION = 5.0;
				TARGETED_DEVICE_FAMILY = "1,2";
			};
			name = Debug;
		};
		B5AEE2CA2765F5D600E1B06F /* Release */ = {
			isa = XCBuildConfiguration;
			buildSettings = {
				ASSETCATALOG_COMPILER_APPICON_NAME = AppIcon;
				ASSETCATALOG_COMPILER_GLOBAL_ACCENT_COLOR_NAME = AccentColor;
				CODE_SIGN_STYLE = Automatic;
				CURRENT_PROJECT_VERSION = 1;
				DEVELOPMENT_TEAM = A2XFY4CAYY;
				GENERATE_INFOPLIST_FILE = YES;
				INFOPLIST_FILE = Tipster/Info.plist;
				INFOPLIST_KEY_UIApplicationSupportsIndirectInputEvents = YES;
				INFOPLIST_KEY_UILaunchStoryboardName = LaunchScreen;
				INFOPLIST_KEY_UIMainStoryboardFile = Main;
				INFOPLIST_KEY_UISupportedInterfaceOrientations_iPad = "UIInterfaceOrientationPortrait UIInterfaceOrientationPortraitUpsideDown UIInterfaceOrientationLandscapeLeft UIInterfaceOrientationLandscapeRight";
				INFOPLIST_KEY_UISupportedInterfaceOrientations_iPhone = "UIInterfaceOrientationPortrait UIInterfaceOrientationLandscapeLeft UIInterfaceOrientationLandscapeRight";
				LD_RUNPATH_SEARCH_PATHS = (
					"$(inherited)",
					"@executable_path/Frameworks",
				);
				MARKETING_VERSION = 1.0;
				PRODUCT_BUNDLE_IDENTIFIER = com.Najed.Tipster;
				PRODUCT_NAME = "$(TARGET_NAME)";
				SWIFT_EMIT_LOC_STRINGS = YES;
				SWIFT_VERSION = 5.0;
				TARGETED_DEVICE_FAMILY = "1,2";
			};
			name = Release;
		};
		B5AEE2CC2765F5D600E1B06F /* Debug */ = {
			isa = XCBuildConfiguration;
			buildSettings = {
				ALWAYS_EMBED_SWIFT_STANDARD_LIBRARIES = YES;
				BUNDLE_LOADER = "$(TEST_HOST)";
				CODE_SIGN_STYLE = Automatic;
				CURRENT_PROJECT_VERSION = 1;
				DEVELOPMENT_TEAM = A2XFY4CAYY;
				GENERATE_INFOPLIST_FILE = YES;
				IPHONEOS_DEPLOYMENT_TARGET = 15.0;
				LD_RUNPATH_SEARCH_PATHS = (
					"$(inherited)",
					"@executable_path/Frameworks",
					"@loader_path/Frameworks",
				);
				MARKETING_VERSION = 1.0;
				PRODUCT_BUNDLE_IDENTIFIER = com.Najed.TipsterTests;
				PRODUCT_NAME = "$(TARGET_NAME)";
				SWIFT_EMIT_LOC_STRINGS = NO;
				SWIFT_VERSION = 5.0;
				TARGETED_DEVICE_FAMILY = "1,2";
				TEST_HOST = "$(BUILT_PRODUCTS_DIR)/Tipster.app/Tipster";
			};
			name = Debug;
		};
		B5AEE2CD2765F5D600E1B06F /* Release */ = {
			isa = XCBuildConfiguration;
			buildSettings = {
				ALWAYS_EMBED_SWIFT_STANDARD_LIBRARIES = YES;
				BUNDLE_LOADER = "$(TEST_HOST)";
				CODE_SIGN_STYLE = Automatic;
				CURRENT_PROJECT_VERSION = 1;
				DEVELOPMENT_TEAM = A2XFY4CAYY;
				GENERATE_INFOPLIST_FILE = YES;
				IPHONEOS_DEPLOYMENT_TARGET = 15.0;
				LD_RUNPATH_SEARCH_PATHS = (
					"$(inherited)",
					"@executable_path/Frameworks",
					"@loader_path/Frameworks",
				);
				MARKETING_VERSION = 1.0;
				PRODUCT_BUNDLE_IDENTIFIER = com.Najed.TipsterTests;
				PRODUCT_NAME = "$(TARGET_NAME)";
				SWIFT_EMIT_LOC_STRINGS = NO;
				SWIFT_VERSION = 5.0;
				TARGETED_DEVICE_FAMILY = "1,2";
				TEST_HOST = "$(BUILT_PRODUCTS_DIR)/Tipster.app/Tipster";
			};
			name = Release;
		};
		B5AEE2CF2765F5D600E1B06F /* Debug */ = {
			isa = XCBuildConfiguration;
			buildSettings = {
				ALWAYS_EMBED_SWIFT_STANDARD_LIBRARIES = YES;
				CODE_SIGN_STYLE = Automatic;
				CURRENT_PROJECT_VERSION = 1;
				DEVELOPMENT_TEAM = A2XFY4CAYY;
				GENERATE_INFOPLIST_FILE = YES;
				LD_RUNPATH_SEARCH_PATHS = (
					"$(inherited)",
					"@executable_path/Frameworks",
					"@loader_path/Frameworks",
				);
				MARKETING_VERSION = 1.0;
				PRODUCT_BUNDLE_IDENTIFIER = com.Najed.TipsterUITests;
				PRODUCT_NAME = "$(TARGET_NAME)";
				SWIFT_EMIT_LOC_STRINGS = NO;
				SWIFT_VERSION = 5.0;
				TARGETED_DEVICE_FAMILY = "1,2";
				TEST_TARGET_NAME = Tipster;
			};
			name = Debug;
		};
		B5AEE2D02765F5D600E1B06F /* Release */ = {
			isa = XCBuildConfiguration;
			buildSettings = {
				ALWAYS_EMBED_SWIFT_STANDARD_LIBRARIES = YES;
				CODE_SIGN_STYLE = Automatic;
				CURRENT_PROJECT_VERSION = 1;
				DEVELOPMENT_TEAM = A2XFY4CAYY;
				GENERATE_INFOPLIST_FILE = YES;
				LD_RUNPATH_SEARCH_PATHS = (
					"$(inherited)",
					"@executable_path/Frameworks",
					"@loader_path/Frameworks",
				);
				MARKETING_VERSION = 1.0;
				PRODUCT_BUNDLE_IDENTIFIER = com.Najed.TipsterUITests;
				PRODUCT_NAME = "$(TARGET_NAME)";
				SWIFT_EMIT_LOC_STRINGS = NO;
				SWIFT_VERSION = 5.0;
				TARGETED_DEVICE_FAMILY = "1,2";
				TEST_TARGET_NAME = Tipster;
			};
			name = Release;
		};
/* End XCBuildConfiguration section */

/* Begin XCConfigurationList section */
		B5AEE2992765F5D300E1B06F /* Build configuration list for PBXProject "Tipster" */ = {
			isa = XCConfigurationList;
			buildConfigurations = (
				B5AEE2C62765F5D600E1B06F /* Debug */,
				B5AEE2C72765F5D600E1B06F /* Release */,
			);
			defaultConfigurationIsVisible = 0;
			defaultConfigurationName = Release;
		};
		B5AEE2C82765F5D600E1B06F /* Build configuration list for PBXNativeTarget "Tipster" */ = {
			isa = XCConfigurationList;
			buildConfigurations = (
				B5AEE2C92765F5D600E1B06F /* Debug */,
				B5AEE2CA2765F5D600E1B06F /* Release */,
			);
			defaultConfigurationIsVisible = 0;
			defaultConfigurationName = Release;
		};
		B5AEE2CB2765F5D600E1B06F /* Build configuration list for PBXNativeTarget "TipsterTests" */ = {
			isa = XCConfigurationList;
			buildConfigurations = (
				B5AEE2CC2765F5D600E1B06F /* Debug */,
				B5AEE2CD2765F5D600E1B06F /* Release */,
			);
			defaultConfigurationIsVisible = 0;
			defaultConfigurationName = Release;
		};
		B5AEE2CE2765F5D600E1B06F /* Build configuration list for PBXNativeTarget "TipsterUITests" */ = {
			isa = XCConfigurationList;
			buildConfigurations = (
				B5AEE2CF2765F5D600E1B06F /* Debug */,
				B5AEE2D02765F5D600E1B06F /* Release */,
			);
			defaultConfigurationIsVisible = 0;
			defaultConfigurationName = Release;
		};
/* End XCConfigurationList section */
	};
	rootObject = B5AEE2962765F5D300E1B06F /* Project object */;
}
